
Microsoft Visual Studio Solution File, Format Version 12.00
# Visual Studio Version 17
VisualStudioVersion = 17.4.33205.214
MinimumVisualStudioVersion = 10.0.40219.1
Project("{FAE04EC0-301F-11D3-BF4B-00C04F79EFBC}") = "FoodballGame", "FoodballGame\FoodballGame.csproj", "{98747CB0-6988-4038-9D4B-05EEB59B47B5}"
EndProject
Global
	GlobalSection(SolutionConfigurationPlatforms) = preSolution
		Debug|Any CPU = Debug|Any CPU
		Release|Any CPU = Release|Any CPU
	EndGlobalSection
	GlobalSection(ProjectConfigurationPlatforms) = postSolution
		{98747CB0-6988-4038-9D4B-05EEB59B47B5}.Debug|Any CPU.ActiveCfg = Debug|Any CPU
		{98747CB0-6988-4038-9D4B-05EEB59B47B5}.Debug|Any CPU.Build.0 = Debug|Any CPU
		{98747CB0-6988-4038-9D4B-05EEB59B47B5}.Release|Any CPU.ActiveCfg = Release|Any CPU
		{98747CB0-6988-4038-9D4B-05EEB59B47B5}.Release|Any CPU.Build.0 = Release|Any CPU
	EndGlobalSection
	GlobalSection(SolutionProperties) = preSolution
		HideSolutionNode = FALSE
	EndGlobalSection
	GlobalSection(ExtensibilityGlobals) = postSolution
		SolutionGuid = {276F6981-A84F-43A6-80F1-0E222117542E}
	EndGlobalSection
EndGlobal
